// !$*UTF8*$!
{
	archiveVersion = 1;
	classes = {
	};
	objectVersion = 56;
	objects = {

/* Begin PBXBuildFile section */
		1D5506C12A4C3C9D00217E7F /* AppDelegate.swift in Sources */ = {isa = PBXBuildFile; fileRef = 1D5506C02A4C3C9D00217E7F /* AppDelegate.swift */; };
		1D5506C32A4C3C9D00217E7F /* SceneDelegate.swift in Sources */ = {isa = PBXBuildFile; fileRef = 1D5506C22A4C3C9D00217E7F /* SceneDelegate.swift */; };
		1D5506C52A4C3C9D00217E7F /* ViewController.swift in Sources */ = {isa = PBXBuildFile; fileRef = 1D5506C42A4C3C9D00217E7F /* ViewController.swift */; };
		1D5506C82A4C3C9D00217E7F /* Main.storyboard in Resources */ = {isa = PBXBuildFile; fileRef = 1D5506C62A4C3C9D00217E7F /* Main.storyboard */; };
		1D5506CA2A4C3C9F00217E7F /* Assets.xcassets in Resources */ = {isa = PBXBuildFile; fileRef = 1D5506C92A4C3C9F00217E7F /* Assets.xcassets */; };
		1D5506CD2A4C3C9F00217E7F /* LaunchScreen.storyboard in Resources */ = {isa = PBXBuildFile; fileRef = 1D5506CB2A4C3C9F00217E7F /* LaunchScreen.storyboard */; };
		1D6F8DED2A4FE2DE0017E55F /* GenericNetworkCall.swift in Sources */ = {isa = PBXBuildFile; fileRef = 1D6F8DEC2A4FE2DE0017E55F /* GenericNetworkCall.swift */; };
		1D6F8DF02A4FE3730017E55F /* BaseViewController.swift in Sources */ = {isa = PBXBuildFile; fileRef = 1D6F8DEF2A4FE3730017E55F /* BaseViewController.swift */; };
		1D6F8DF32A4FE4A40017E55F /* ApiUrls.swift in Sources */ = {isa = PBXBuildFile; fileRef = 1D6F8DF22A4FE4A40017E55F /* ApiUrls.swift */; };
		1D6F8DF52A4FE4B80017E55F /* CheckInternetConnection.swift in Sources */ = {isa = PBXBuildFile; fileRef = 1D6F8DF42A4FE4B80017E55F /* CheckInternetConnection.swift */; };
		1D6F8DF72A4FE88C0017E55F /* Constants.swift in Sources */ = {isa = PBXBuildFile; fileRef = 1D6F8DF62A4FE88C0017E55F /* Constants.swift */; };
		1D6F8DFA2A4FE9700017E55F /* ViewController+Extension.swift in Sources */ = {isa = PBXBuildFile; fileRef = 1D6F8DF92A4FE9700017E55F /* ViewController+Extension.swift */; };
		84AC749C2A4DA6C4006424DE /* ResponseModel.swift in Sources */ = {isa = PBXBuildFile; fileRef = 84AC749B2A4DA6C4006424DE /* ResponseModel.swift */; };
		84AC74A02A4DBF4D006424DE /* FacilitiesViewModel.swift in Sources */ = {isa = PBXBuildFile; fileRef = 84AC749F2A4DBF4D006424DE /* FacilitiesViewModel.swift */; };
/* End PBXBuildFile section */

/* Begin PBXFileReference section */
		1D5506BD2A4C3C9D00217E7F /* Radius.app */ = {isa = PBXFileReference; explicitFileType = wrapper.application; includeInIndex = 0; path = Radius.app; sourceTree = BUILT_PRODUCTS_DIR; };
		1D5506C02A4C3C9D00217E7F /* AppDelegate.swift */ = {isa = PBXFileReference; lastKnownFileType = sourcecode.swift; path = AppDelegate.swift; sourceTree = "<group>"; };
		1D5506C22A4C3C9D00217E7F /* SceneDelegate.swift */ = {isa = PBXFileReference; lastKnownFileType = sourcecode.swift; path = SceneDelegate.swift; sourceTree = "<group>"; };
		1D5506C42A4C3C9D00217E7F /* ViewController.swift */ = {isa = PBXFileReference; lastKnownFileType = sourcecode.swift; path = ViewController.swift; sourceTree = "<group>"; };
		1D5506C72A4C3C9D00217E7F /* Base */ = {isa = PBXFileReference; lastKnownFileType = file.storyboard; name = Base; path = Base.lproj/Main.storyboard; sourceTree = "<group>"; };
		1D5506C92A4C3C9F00217E7F /* Assets.xcassets */ = {isa = PBXFileReference; lastKnownFileType = folder.assetcatalog; path = Assets.xcassets; sourceTree = "<group>"; };
		1D5506CC2A4C3C9F00217E7F /* Base */ = {isa = PBXFileReference; lastKnownFileType = file.storyboard; name = Base; path = Base.lproj/LaunchScreen.storyboard; sourceTree = "<group>"; };
		1D5506CE2A4C3C9F00217E7F /* Info.plist */ = {isa = PBXFileReference; lastKnownFileType = text.plist.xml; path = Info.plist; sourceTree = "<group>"; };
		1D6F8DEC2A4FE2DE0017E55F /* GenericNetworkCall.swift */ = {isa = PBXFileReference; lastKnownFileType = sourcecode.swift; path = GenericNetworkCall.swift; sourceTree = "<group>"; };
		1D6F8DEF2A4FE3730017E55F /* BaseViewController.swift */ = {isa = PBXFileReference; lastKnownFileType = sourcecode.swift; path = BaseViewController.swift; sourceTree = "<group>"; };
		1D6F8DF22A4FE4A40017E55F /* ApiUrls.swift */ = {isa = PBXFileReference; lastKnownFileType = sourcecode.swift; path = ApiUrls.swift; sourceTree = "<group>"; };
		1D6F8DF42A4FE4B80017E55F /* CheckInternetConnection.swift */ = {isa = PBXFileReference; lastKnownFileType = sourcecode.swift; path = CheckInternetConnection.swift; sourceTree = "<group>"; };
		1D6F8DF62A4FE88C0017E55F /* Constants.swift */ = {isa = PBXFileReference; lastKnownFileType = sourcecode.swift; path = Constants.swift; sourceTree = "<group>"; };
		1D6F8DF92A4FE9700017E55F /* ViewController+Extension.swift */ = {isa = PBXFileReference; lastKnownFileType = sourcecode.swift; path = "ViewController+Extension.swift"; sourceTree = "<group>"; };
		84AC749B2A4DA6C4006424DE /* ResponseModel.swift */ = {isa = PBXFileReference; lastKnownFileType = sourcecode.swift; path = ResponseModel.swift; sourceTree = "<group>"; };
		84AC749F2A4DBF4D006424DE /* FacilitiesViewModel.swift */ = {isa = PBXFileReference; lastKnownFileType = sourcecode.swift; path = FacilitiesViewModel.swift; sourceTree = "<group>"; };
/* End PBXFileReference section */

/* Begin PBXFrameworksBuildPhase section */
		1D5506BA2A4C3C9D00217E7F /* Frameworks */ = {
			isa = PBXFrameworksBuildPhase;
			buildActionMask = 2147483647;
			files = (
			);
			runOnlyForDeploymentPostprocessing = 0;
		};
/* End PBXFrameworksBuildPhase section */

/* Begin PBXGroup section */
		1D5506B42A4C3C9D00217E7F = {
			isa = PBXGroup;
			children = (
				1D5506BF2A4C3C9D00217E7F /* Radius */,
				1D5506BE2A4C3C9D00217E7F /* Products */,
			);
			sourceTree = "<group>";
		};
		1D5506BE2A4C3C9D00217E7F /* Products */ = {
			isa = PBXGroup;
			children = (
				1D5506BD2A4C3C9D00217E7F /* Radius.app */,
			);
			name = Products;
			sourceTree = "<group>";
		};
		1D5506BF2A4C3C9D00217E7F /* Radius */ = {
			isa = PBXGroup;
			children = (
				1D6F8DF82A4FE93E0017E55F /* ViewController+extensions */,
				1D6F8DF12A4FE48F0017E55F /* Utility */,
				1D6F8DEE2A4FE31C0017E55F /* Controllers */,
				1D6F8DEB2A4FE2C10017E55F /* Network Manager */,
				84AC749E2A4DBC85006424DE /* View */,
				84AC749D2A4DA6DD006424DE /* View Model */,
				84AC749A2A4DA6AC006424DE /* Model */,
				1D5506C02A4C3C9D00217E7F /* AppDelegate.swift */,
				1D5506C22A4C3C9D00217E7F /* SceneDelegate.swift */,
				1D5506C42A4C3C9D00217E7F /* ViewController.swift */,
				1D5506C92A4C3C9F00217E7F /* Assets.xcassets */,
				1D5506CB2A4C3C9F00217E7F /* LaunchScreen.storyboard */,
				1D5506CE2A4C3C9F00217E7F /* Info.plist */,
			);
			path = Radius;
			sourceTree = "<group>";
		};
		1D6F8DEB2A4FE2C10017E55F /* Network Manager */ = {
			isa = PBXGroup;
			children = (
				1D6F8DEC2A4FE2DE0017E55F /* GenericNetworkCall.swift */,
			);
			path = "Network Manager";
			sourceTree = "<group>";
		};
		1D6F8DEE2A4FE31C0017E55F /* Controllers */ = {
			isa = PBXGroup;
			children = (
				1D6F8DEF2A4FE3730017E55F /* BaseViewController.swift */,
			);
			path = Controllers;
			sourceTree = "<group>";
		};
		1D6F8DF12A4FE48F0017E55F /* Utility */ = {
			isa = PBXGroup;
			children = (
				1D6F8DF22A4FE4A40017E55F /* ApiUrls.swift */,
				1D6F8DF42A4FE4B80017E55F /* CheckInternetConnection.swift */,
				1D6F8DF62A4FE88C0017E55F /* Constants.swift */,
			);
			path = Utility;
			sourceTree = "<group>";
		};
		1D6F8DF82A4FE93E0017E55F /* ViewController+extensions */ = {
			isa = PBXGroup;
			children = (
				1D6F8DF92A4FE9700017E55F /* ViewController+Extension.swift */,
			);
			path = "ViewController+extensions";
			sourceTree = "<group>";
		};
		84AC749A2A4DA6AC006424DE /* Model */ = {
			isa = PBXGroup;
			children = (
				84AC749B2A4DA6C4006424DE /* ResponseModel.swift */,
			);
			path = Model;
			sourceTree = "<group>";
		};
		84AC749D2A4DA6DD006424DE /* View Model */ = {
			isa = PBXGroup;
			children = (
				84AC749F2A4DBF4D006424DE /* FacilitiesViewModel.swift */,
			);
			path = "View Model";
			sourceTree = "<group>";
		};
		84AC749E2A4DBC85006424DE /* View */ = {
			isa = PBXGroup;
			children = (
				1D5506C62A4C3C9D00217E7F /* Main.storyboard */,
			);
			path = View;
			sourceTree = "<group>";
		};
/* End PBXGroup section */

/* Begin PBXNativeTarget section */
		1D5506BC2A4C3C9D00217E7F /* Radius */ = {
			isa = PBXNativeTarget;
			buildConfigurationList = 1D5506D12A4C3C9F00217E7F /* Build configuration list for PBXNativeTarget "Radius" */;
			buildPhases = (
				1D5506B92A4C3C9D00217E7F /* Sources */,
				1D5506BA2A4C3C9D00217E7F /* Frameworks */,
				1D5506BB2A4C3C9D00217E7F /* Resources */,
			);
			buildRules = (
			);
			dependencies = (
			);
			name = Radius;
			productName = Radius;
			productReference = 1D5506BD2A4C3C9D00217E7F /* Radius.app */;
			productType = "com.apple.product-type.application";
		};
/* End PBXNativeTarget section */

/* Begin PBXProject section */
		1D5506B52A4C3C9D00217E7F /* Project object */ = {
			isa = PBXProject;
			attributes = {
				BuildIndependentTargetsInParallel = 1;
				LastSwiftUpdateCheck = 1430;
				LastUpgradeCheck = 1430;
				TargetAttributes = {
					1D5506BC2A4C3C9D00217E7F = {
						CreatedOnToolsVersion = 14.3;
					};
				};
			};
			buildConfigurationList = 1D5506B82A4C3C9D00217E7F /* Build configuration list for PBXProject "Radius" */;
			compatibilityVersion = "Xcode 14.0";
			developmentRegion = en;
			hasScannedForEncodings = 0;
			knownRegions = (
				en,
				Base,
			);
			mainGroup = 1D5506B42A4C3C9D00217E7F;
			productRefGroup = 1D5506BE2A4C3C9D00217E7F /* Products */;
			projectDirPath = "";
			projectRoot = "";
			targets = (
				1D5506BC2A4C3C9D00217E7F /* Radius */,
			);
		};
/* End PBXProject section */

/* Begin PBXResourcesBuildPhase section */
		1D5506BB2A4C3C9D00217E7F /* Resources */ = {
			isa = PBXResourcesBuildPhase;
			buildActionMask = 2147483647;
			files = (
				1D5506CD2A4C3C9F00217E7F /* LaunchScreen.storyboard in Resources */,
				1D5506CA2A4C3C9F00217E7F /* Assets.xcassets in Resources */,
				1D5506C82A4C3C9D00217E7F /* Main.storyboard in Resources */,
			);
			runOnlyForDeploymentPostprocessing = 0;
		};
/* End PBXResourcesBuildPhase section */

/* Begin PBXSourcesBuildPhase section */
		1D5506B92A4C3C9D00217E7F /* Sources */ = {
			isa = PBXSourcesBuildPhase;
			buildActionMask = 2147483647;
			files = (
				1D6F8DF32A4FE4A40017E55F /* ApiUrls.swift in Sources */,
				1D5506C52A4C3C9D00217E7F /* ViewController.swift in Sources */,
				1D5506C12A4C3C9D00217E7F /* AppDelegate.swift in Sources */,
				1D6F8DED2A4FE2DE0017E55F /* GenericNetworkCall.swift in Sources */,
				84AC74A02A4DBF4D006424DE /* FacilitiesViewModel.swift in Sources */,
				1D6F8DF72A4FE88C0017E55F /* Constants.swift in Sources */,
				84AC749C2A4DA6C4006424DE /* ResponseModel.swift in Sources */,
				1D6F8DF52A4FE4B80017E55F /* CheckInternetConnection.swift in Sources */,
				1D6F8DFA2A4FE9700017E55F /* ViewController+Extension.swift in Sources */,
				1D6F8DF02A4FE3730017E55F /* BaseViewController.swift in Sources */,
				1D5506C32A4C3C9D00217E7F /* SceneDelegate.swift in Sources */,
			);
			runOnlyForDeploymentPostprocessing = 0;
		};
/* End PBXSourcesBuildPhase section */

/* Begin PBXVariantGroup section */
		1D5506C62A4C3C9D00217E7F /* Main.storyboard */ = {
			isa = PBXVariantGroup;
			children = (
				1D5506C72A4C3C9D00217E7F /* Base */,
			);
			name = Main.storyboard;
			sourceTree = "<group>";
		};
		1D5506CB2A4C3C9F00217E7F /* LaunchScreen.storyboard */ = {
			isa = PBXVariantGroup;
			children = (
				1D5506CC2A4C3C9F00217E7F /* Base */,
			);
			name = LaunchScreen.storyboard;
			sourceTree = "<group>";
		};
/* End PBXVariantGroup section */

/* Begin XCBuildConfiguration section */
		1D5506CF2A4C3C9F00217E7F /* Debug */ = {
			isa = XCBuildConfiguration;
			buildSettings = {
				ALWAYS_SEARCH_USER_PATHS = NO;
				CLANG_ANALYZER_NONNULL = YES;
				CLANG_ANALYZER_NUMBER_OBJECT_CONVERSION = YES_AGGRESSIVE;
				CLANG_CXX_LANGUAGE_STANDARD = "gnu++20";
				CLANG_ENABLE_MODULES = YES;
				CLANG_ENABLE_OBJC_ARC = YES;
				CLANG_ENABLE_OBJC_WEAK = YES;
				CLANG_WARN_BLOCK_CAPTURE_AUTORELEASING = YES;
				CLANG_WARN_BOOL_CONVERSION = YES;
				CLANG_WARN_COMMA = YES;
				CLANG_WARN_CONSTANT_CONVERSION = YES;
				CLANG_WARN_DEPRECATED_OBJC_IMPLEMENTATIONS = YES;
				CLANG_WARN_DIRECT_OBJC_ISA_USAGE = YES_ERROR;
				CLANG_WARN_DOCUMENTATION_COMMENTS = YES;
				CLANG_WARN_EMPTY_BODY = YES;
				CLANG_WARN_ENUM_CONVERSION = YES;
				CLANG_WARN_INFINITE_RECURSION = YES;
				CLANG_WARN_INT_CONVERSION = YES;
				CLANG_WARN_NON_LITERAL_NULL_CONVERSION = YES;
				CLANG_WARN_OBJC_IMPLICIT_RETAIN_SELF = YES;
				CLANG_WARN_OBJC_LITERAL_CONVERSION = YES;
				CLANG_WARN_OBJC_ROOT_CLASS = YES_ERROR;
				CLANG_WARN_QUOTED_INCLUDE_IN_FRAMEWORK_HEADER = YES;
				CLANG_WARN_RANGE_LOOP_ANALYSIS = YES;
				CLANG_WARN_STRICT_PROTOTYPES = YES;
				CLANG_WARN_SUSPICIOUS_MOVE = YES;
				CLANG_WARN_UNGUARDED_AVAILABILITY = YES_AGGRESSIVE;
				CLANG_WARN_UNREACHABLE_CODE = YES;
				CLANG_WARN__DUPLICATE_METHOD_MATCH = YES;
				COPY_PHASE_STRIP = NO;
				DEBUG_INFORMATION_FORMAT = dwarf;
				ENABLE_STRICT_OBJC_MSGSEND = YES;
				ENABLE_TESTABILITY = YES;
				GCC_C_LANGUAGE_STANDARD = gnu11;
				GCC_DYNAMIC_NO_PIC = NO;
				GCC_NO_COMMON_BLOCKS = YES;
				GCC_OPTIMIZATION_LEVEL = 0;
				GCC_PREPROCESSOR_DEFINITIONS = (
					"DEBUG=1",
					"$(inherited)",
				);
				GCC_WARN_64_TO_32_BIT_CONVERSION = YES;
				GCC_WARN_ABOUT_RETURN_TYPE = YES_ERROR;
				GCC_WARN_UNDECLARED_SELECTOR = YES;
				GCC_WARN_UNINITIALIZED_AUTOS = YES_AGGRESSIVE;
				GCC_WARN_UNUSED_FUNCTION = YES;
				GCC_WARN_UNUSED_VARIABLE = YES;
				IPHONEOS_DEPLOYMENT_TARGET = 16.4;
				MTL_ENABLE_DEBUG_INFO = INCLUDE_SOURCE;
				MTL_FAST_MATH = YES;
				ONLY_ACTIVE_ARCH = YES;
				SDKROOT = iphoneos;
				SWIFT_ACTIVE_COMPILATION_CONDITIONS = DEBUG;
				SWIFT_OPTIMIZATION_LEVEL = "-Onone";
			};
			name = Debug;
		};
		1D5506D02A4C3C9F00217E7F /* Release */ = {
			isa = XCBuildConfiguration;
			buildSettings = {
				ALWAYS_SEARCH_USER_PATHS = NO;
				CLANG_ANALYZER_NONNULL = YES;
				CLANG_ANALYZER_NUMBER_OBJECT_CONVERSION = YES_AGGRESSIVE;
				CLANG_CXX_LANGUAGE_STANDARD = "gnu++20";
				CLANG_ENABLE_MODULES = YES;
				CLANG_ENABLE_OBJC_ARC = YES;
				CLANG_ENABLE_OBJC_WEAK = YES;
				CLANG_WARN_BLOCK_CAPTURE_AUTORELEASING = YES;
				CLANG_WARN_BOOL_CONVERSION = YES;
				CLANG_WARN_COMMA = YES;
				CLANG_WARN_CONSTANT_CONVERSION = YES;
				CLANG_WARN_DEPRECATED_OBJC_IMPLEMENTATIONS = YES;
				CLANG_WARN_DIRECT_OBJC_ISA_USAGE = YES_ERROR;
				CLANG_WARN_DOCUMENTATION_COMMENTS = YES;
				CLANG_WARN_EMPTY_BODY = YES;
				CLANG_WARN_ENUM_CONVERSION = YES;
				CLANG_WARN_INFINITE_RECURSION = YES;
				CLANG_WARN_INT_CONVERSION = YES;
				CLANG_WARN_NON_LITERAL_NULL_CONVERSION = YES;
				CLANG_WARN_OBJC_IMPLICIT_RETAIN_SELF = YES;
				CLANG_WARN_OBJC_LITERAL_CONVERSION = YES;
				CLANG_WARN_OBJC_ROOT_CLASS = YES_ERROR;
				CLANG_WARN_QUOTED_INCLUDE_IN_FRAMEWORK_HEADER = YES;
				CLANG_WARN_RANGE_LOOP_ANALYSIS = YES;
				CLANG_WARN_STRICT_PROTOTYPES = YES;
				CLANG_WARN_SUSPICIOUS_MOVE = YES;
				CLANG_WARN_UNGUARDED_AVAILABILITY = YES_AGGRESSIVE;
				CLANG_WARN_UNREACHABLE_CODE = YES;
				CLANG_WARN__DUPLICATE_METHOD_MATCH = YES;
				COPY_PHASE_STRIP = NO;
				DEBUG_INFORMATION_FORMAT = "dwarf-with-dsym";
				ENABLE_NS_ASSERTIONS = NO;
				ENABLE_STRICT_OBJC_MSGSEND = YES;
				GCC_C_LANGUAGE_STANDARD = gnu11;
				GCC_NO_COMMON_BLOCKS = YES;
				GCC_WARN_64_TO_32_BIT_CONVERSION = YES;
				GCC_WARN_ABOUT_RETURN_TYPE = YES_ERROR;
				GCC_WARN_UNDECLARED_SELECTOR = YES;
				GCC_WARN_UNINITIALIZED_AUTOS = YES_AGGRESSIVE;
				GCC_WARN_UNUSED_FUNCTION = YES;
				GCC_WARN_UNUSED_VARIABLE = YES;
				IPHONEOS_DEPLOYMENT_TARGET = 16.4;
				MTL_ENABLE_DEBUG_INFO = NO;
				MTL_FAST_MATH = YES;
				SDKROOT = iphoneos;
				SWIFT_COMPILATION_MODE = wholemodule;
				SWIFT_OPTIMIZATION_LEVEL = "-O";
				VALIDATE_PRODUCT = YES;
			};
			name = Release;
		};
		1D5506D22A4C3C9F00217E7F /* Debug */ = {
			isa = XCBuildConfiguration;
			buildSettings = {
				ASSETCATALOG_COMPILER_APPICON_NAME = AppIcon;
				ASSETCATALOG_COMPILER_GLOBAL_ACCENT_COLOR_NAME = AccentColor;
				CODE_SIGN_STYLE = Automatic;
				CURRENT_PROJECT_VERSION = 1;
				DEVELOPMENT_TEAM = G699VJZFWY;
				GENERATE_INFOPLIST_FILE = YES;
				INFOPLIST_FILE = Radius/Info.plist;
				INFOPLIST_KEY_UIApplicationSupportsIndirectInputEvents = YES;
				INFOPLIST_KEY_UILaunchStoryboardName = LaunchScreen;
				INFOPLIST_KEY_UIMainStoryboardFile = Main;
				INFOPLIST_KEY_UISupportedInterfaceOrientations_iPad = "UIInterfaceOrientationPortrait UIInterfaceOrientationPortraitUpsideDown UIInterfaceOrientationLandscapeLeft UIInterfaceOrientationLandscapeRight";
				INFOPLIST_KEY_UISupportedInterfaceOrientations_iPhone = "UIInterfaceOrientationPortrait UIInterfaceOrientationLandscapeLeft UIInterfaceOrientationLandscapeRight";
				IPHONEOS_DEPLOYMENT_TARGET = 13.0;
				LD_RUNPATH_SEARCH_PATHS = (
					"$(inherited)",
					"@executable_path/Frameworks",
				);
				MARKETING_VERSION = 1.0;
				PRODUCT_BUNDLE_IDENTIFIER = com.Radius.in.Radius;
				PRODUCT_NAME = "$(TARGET_NAME)";
				SWIFT_EMIT_LOC_STRINGS = YES;
				SWIFT_VERSION = 5.0;
				TARGETED_DEVICE_FAMILY = "1,2";
			};
			name = Debug;
		};
		1D5506D32A4C3C9F00217E7F /* Release */ = {
			isa = XCBuildConfiguration;
			buildSettings = {
				ASSETCATALOG_COMPILER_APPICON_NAME = AppIcon;
				ASSETCATALOG_COMPILER_GLOBAL_ACCENT_COLOR_NAME = AccentColor;
				CODE_SIGN_STYLE = Automatic;
				CURRENT_PROJECT_VERSION = 1;
				DEVELOPMENT_TEAM = G699VJZFWY;
				GENERATE_INFOPLIST_FILE = YES;
				INFOPLIST_FILE = Radius/Info.plist;
				INFOPLIST_KEY_UIApplicationSupportsIndirectInputEvents = YES;
				INFOPLIST_KEY_UILaunchStoryboardName = LaunchScreen;
				INFOPLIST_KEY_UIMainStoryboardFile = Main;
				INFOPLIST_KEY_UISupportedInterfaceOrientations_iPad = "UIInterfaceOrientationPortrait UIInterfaceOrientationPortraitUpsideDown UIInterfaceOrientationLandscapeLeft UIInterfaceOrientationLandscapeRight";
				INFOPLIST_KEY_UISupportedInterfaceOrientations_iPhone = "UIInterfaceOrientationPortrait UIInterfaceOrientationLandscapeLeft UIInterfaceOrientationLandscapeRight";
				IPHONEOS_DEPLOYMENT_TARGET = 13.0;
				LD_RUNPATH_SEARCH_PATHS = (
					"$(inherited)",
					"@executable_path/Frameworks",
				);
				MARKETING_VERSION = 1.0;
				PRODUCT_BUNDLE_IDENTIFIER = com.Radius.in.Radius;
				PRODUCT_NAME = "$(TARGET_NAME)";
				SWIFT_EMIT_LOC_STRINGS = YES;
				SWIFT_VERSION = 5.0;
				TARGETED_DEVICE_FAMILY = "1,2";
			};
			name = Release;
		};
/* End XCBuildConfiguration section */

/* Begin XCConfigurationList section */
		1D5506B82A4C3C9D00217E7F /* Build configuration list for PBXProject "Radius" */ = {
			isa = XCConfigurationList;
			buildConfigurations = (
				1D5506CF2A4C3C9F00217E7F /* Debug */,
				1D5506D02A4C3C9F00217E7F /* Release */,
			);
			defaultConfigurationIsVisible = 0;
			defaultConfigurationName = Release;
		};
		1D5506D12A4C3C9F00217E7F /* Build configuration list for PBXNativeTarget "Radius" */ = {
			isa = XCConfigurationList;
			buildConfigurations = (
				1D5506D22A4C3C9F00217E7F /* Debug */,
				1D5506D32A4C3C9F00217E7F /* Release */,
			);
			defaultConfigurationIsVisible = 0;
			defaultConfigurationName = Release;
		};
/* End XCConfigurationList section */
	};
	rootObject = 1D5506B52A4C3C9D00217E7F /* Project object */;
}
